// !$*UTF8*$!
{
	archiveVersion = 1;
	classes = {
	};
	objectVersion = 56;
	objects = {

/* Begin PBXBuildFile section */
		AC5B8AE92A1DF2F50042C5B4 /* AppDelegate.swift in Sources */ = {isa = PBXBuildFile; fileRef = AC5B8AE82A1DF2F50042C5B4 /* AppDelegate.swift */; };
		AC5B8AEB2A1DF2F50042C5B4 /* SceneDelegate.swift in Sources */ = {isa = PBXBuildFile; fileRef = AC5B8AEA2A1DF2F50042C5B4 /* SceneDelegate.swift */; };
		AC5B8AED2A1DF2F50042C5B4 /* ViewController.swift in Sources */ = {isa = PBXBuildFile; fileRef = AC5B8AEC2A1DF2F50042C5B4 /* ViewController.swift */; };
		AC5B8AF02A1DF2F50042C5B4 /* Main.storyboard in Resources */ = {isa = PBXBuildFile; fileRef = AC5B8AEE2A1DF2F50042C5B4 /* Main.storyboard */; };
		AC5B8AF22A1DF2F60042C5B4 /* Assets.xcassets in Resources */ = {isa = PBXBuildFile; fileRef = AC5B8AF12A1DF2F60042C5B4 /* Assets.xcassets */; };
		AC5B8AF52A1DF2F60042C5B4 /* LaunchScreen.storyboard in Resources */ = {isa = PBXBuildFile; fileRef = AC5B8AF32A1DF2F60042C5B4 /* LaunchScreen.storyboard */; };
		AC65235E2A1DF85200D53D3C /* ViewAllAnimalsController.swift in Sources */ = {isa = PBXBuildFile; fileRef = AC65235D2A1DF85200D53D3C /* ViewAllAnimalsController.swift */; };
		AC6523602A1DFCDC00D53D3C /* AnimalTableViewCell.swift in Sources */ = {isa = PBXBuildFile; fileRef = AC65235F2A1DFCDC00D53D3C /* AnimalTableViewCell.swift */; };
/* End PBXBuildFile section */

/* Begin PBXFileReference section */
		AC5B8AE52A1DF2F50042C5B4 /* RevisionExercise.app */ = {isa = PBXFileReference; explicitFileType = wrapper.application; includeInIndex = 0; path = RevisionExercise.app; sourceTree = BUILT_PRODUCTS_DIR; };
		AC5B8AE82A1DF2F50042C5B4 /* AppDelegate.swift */ = {isa = PBXFileReference; lastKnownFileType = sourcecode.swift; path = AppDelegate.swift; sourceTree = "<group>"; };
		AC5B8AEA2A1DF2F50042C5B4 /* SceneDelegate.swift */ = {isa = PBXFileReference; lastKnownFileType = sourcecode.swift; path = SceneDelegate.swift; sourceTree = "<group>"; };
		AC5B8AEC2A1DF2F50042C5B4 /* ViewController.swift */ = {isa = PBXFileReference; lastKnownFileType = sourcecode.swift; path = ViewController.swift; sourceTree = "<group>"; };
		AC5B8AEF2A1DF2F50042C5B4 /* Base */ = {isa = PBXFileReference; lastKnownFileType = file.storyboard; name = Base; path = Base.lproj/Main.storyboard; sourceTree = "<group>"; };
		AC5B8AF12A1DF2F60042C5B4 /* Assets.xcassets */ = {isa = PBXFileReference; lastKnownFileType = folder.assetcatalog; path = Assets.xcassets; sourceTree = "<group>"; };
		AC5B8AF42A1DF2F60042C5B4 /* Base */ = {isa = PBXFileReference; lastKnownFileType = file.storyboard; name = Base; path = Base.lproj/LaunchScreen.storyboard; sourceTree = "<group>"; };
		AC5B8AF62A1DF2F60042C5B4 /* Info.plist */ = {isa = PBXFileReference; lastKnownFileType = text.plist.xml; path = Info.plist; sourceTree = "<group>"; };
		AC65235D2A1DF85200D53D3C /* ViewAllAnimalsController.swift */ = {isa = PBXFileReference; lastKnownFileType = sourcecode.swift; path = ViewAllAnimalsController.swift; sourceTree = "<group>"; };
		AC65235F2A1DFCDC00D53D3C /* AnimalTableViewCell.swift */ = {isa = PBXFileReference; lastKnownFileType = sourcecode.swift; path = AnimalTableViewCell.swift; sourceTree = "<group>"; };
/* End PBXFileReference section */

/* Begin PBXFrameworksBuildPhase section */
		AC5B8AE22A1DF2F50042C5B4 /* Frameworks */ = {
			isa = PBXFrameworksBuildPhase;
			buildActionMask = 2147483647;
			files = (
			);
			runOnlyForDeploymentPostprocessing = 0;
		};
/* End PBXFrameworksBuildPhase section */

/* Begin PBXGroup section */
		AC5B8ADC2A1DF2F50042C5B4 = {
			isa = PBXGroup;
			children = (
				AC5B8AE72A1DF2F50042C5B4 /* RevisionExercise */,
				AC5B8AE62A1DF2F50042C5B4 /* Products */,
			);
			sourceTree = "<group>";
		};
		AC5B8AE62A1DF2F50042C5B4 /* Products */ = {
			isa = PBXGroup;
			children = (
				AC5B8AE52A1DF2F50042C5B4 /* RevisionExercise.app */,
			);
			name = Products;
			sourceTree = "<group>";
		};
		AC5B8AE72A1DF2F50042C5B4 /* RevisionExercise */ = {
			isa = PBXGroup;
			children = (
				AC65235D2A1DF85200D53D3C /* ViewAllAnimalsController.swift */,
				AC5B8AE82A1DF2F50042C5B4 /* AppDelegate.swift */,
				AC5B8AEA2A1DF2F50042C5B4 /* SceneDelegate.swift */,
				AC5B8AEC2A1DF2F50042C5B4 /* ViewController.swift */,
				AC5B8AEE2A1DF2F50042C5B4 /* Main.storyboard */,
				AC5B8AF12A1DF2F60042C5B4 /* Assets.xcassets */,
				AC5B8AF32A1DF2F60042C5B4 /* LaunchScreen.storyboard */,
				AC5B8AF62A1DF2F60042C5B4 /* Info.plist */,
				AC65235F2A1DFCDC00D53D3C /* AnimalTableViewCell.swift */,
			);
			path = RevisionExercise;
			sourceTree = "<group>";
		};
/* End PBXGroup section */

/* Begin PBXNativeTarget section */
		AC5B8AE42A1DF2F50042C5B4 /* RevisionExercise */ = {
			isa = PBXNativeTarget;
			buildConfigurationList = AC5B8AF92A1DF2F60042C5B4 /* Build configuration list for PBXNativeTarget "RevisionExercise" */;
			buildPhases = (
				AC5B8AE12A1DF2F50042C5B4 /* Sources */,
				AC5B8AE22A1DF2F50042C5B4 /* Frameworks */,
				AC5B8AE32A1DF2F50042C5B4 /* Resources */,
			);
			buildRules = (
			);
			dependencies = (
			);
			name = RevisionExercise;
			productName = RevisionExercise;
			productReference = AC5B8AE52A1DF2F50042C5B4 /* RevisionExercise.app */;
			productType = "com.apple.product-type.application";
		};
/* End PBXNativeTarget section */

/* Begin PBXProject section */
		AC5B8ADD2A1DF2F50042C5B4 /* Project object */ = {
			isa = PBXProject;
			attributes = {
				BuildIndependentTargetsInParallel = 1;
				LastSwiftUpdateCheck = 1430;
				LastUpgradeCheck = 1430;
				TargetAttributes = {
					AC5B8AE42A1DF2F50042C5B4 = {
						CreatedOnToolsVersion = 14.3;
					};
				};
			};
			buildConfigurationList = AC5B8AE02A1DF2F50042C5B4 /* Build configuration list for PBXProject "RevisionExercise" */;
			compatibilityVersion = "Xcode 14.0";
			developmentRegion = en;
			hasScannedForEncodings = 0;
			knownRegions = (
				en,
				Base,
			);
			mainGroup = AC5B8ADC2A1DF2F50042C5B4;
			productRefGroup = AC5B8AE62A1DF2F50042C5B4 /* Products */;
			projectDirPath = "";
			projectRoot = "";
			targets = (
				AC5B8AE42A1DF2F50042C5B4 /* RevisionExercise */,
			);
		};
/* End PBXProject section */

/* Begin PBXResourcesBuildPhase section */
		AC5B8AE32A1DF2F50042C5B4 /* Resources */ = {
			isa = PBXResourcesBuildPhase;
			buildActionMask = 2147483647;
			files = (
				AC5B8AF52A1DF2F60042C5B4 /* LaunchScreen.storyboard in Resources */,
				AC5B8AF22A1DF2F60042C5B4 /* Assets.xcassets in Resources */,
				AC5B8AF02A1DF2F50042C5B4 /* Main.storyboard in Resources */,
			);
			runOnlyForDeploymentPostprocessing = 0;
		};
/* End PBXResourcesBuildPhase section */

/* Begin PBXSourcesBuildPhase section */
		AC5B8AE12A1DF2F50042C5B4 /* Sources */ = {
			isa = PBXSourcesBuildPhase;
			buildActionMask = 2147483647;
			files = (
				AC5B8AED2A1DF2F50042C5B4 /* ViewController.swift in Sources */,
				AC5B8AE92A1DF2F50042C5B4 /* AppDelegate.swift in Sources */,
				AC65235E2A1DF85200D53D3C /* ViewAllAnimalsController.swift in Sources */,
				AC6523602A1DFCDC00D53D3C /* AnimalTableViewCell.swift in Sources */,
				AC5B8AEB2A1DF2F50042C5B4 /* SceneDelegate.swift in Sources */,
			);
			runOnlyForDeploymentPostprocessing = 0;
		};
/* End PBXSourcesBuildPhase section */

/* Begin PBXVariantGroup section */
		AC5B8AEE2A1DF2F50042C5B4 /* Main.storyboard */ = {
			isa = PBXVariantGroup;
			children = (
				AC5B8AEF2A1DF2F50042C5B4 /* Base */,
			);
			name = Main.storyboard;
			sourceTree = "<group>";
		};
		AC5B8AF32A1DF2F60042C5B4 /* LaunchScreen.storyboard */ = {
			isa = PBXVariantGroup;
			children = (
				AC5B8AF42A1DF2F60042C5B4 /* Base */,
			);
			name = LaunchScreen.storyboard;
			sourceTree = "<group>";
		};
/* End PBXVariantGroup section */

/* Begin XCBuildConfiguration section */
		AC5B8AF72A1DF2F60042C5B4 /* Debug */ = {
			isa = XCBuildConfiguration;
			buildSettings = {
				ALWAYS_SEARCH_USER_PATHS = NO;
				CLANG_ANALYZER_NONNULL = YES;
				CLANG_ANALYZER_NUMBER_OBJECT_CONVERSION = YES_AGGRESSIVE;
				CLANG_CXX_LANGUAGE_STANDARD = "gnu++20";
				CLANG_ENABLE_MODULES = YES;
				CLANG_ENABLE_OBJC_ARC = YES;
				CLANG_ENABLE_OBJC_WEAK = YES;
				CLANG_WARN_BLOCK_CAPTURE_AUTORELEASING = YES;
				CLANG_WARN_BOOL_CONVERSION = YES;
				CLANG_WARN_COMMA = YES;
				CLANG_WARN_CONSTANT_CONVERSION = YES;
				CLANG_WARN_DEPRECATED_OBJC_IMPLEMENTATIONS = YES;
				CLANG_WARN_DIRECT_OBJC_ISA_USAGE = YES_ERROR;
				CLANG_WARN_DOCUMENTATION_COMMENTS = YES;
				CLANG_WARN_EMPTY_BODY = YES;
				CLANG_WARN_ENUM_CONVERSION = YES;
				CLANG_WARN_INFINITE_RECURSION = YES;
				CLANG_WARN_INT_CONVERSION = YES;
				CLANG_WARN_NON_LITERAL_NULL_CONVERSION = YES;
				CLANG_WARN_OBJC_IMPLICIT_RETAIN_SELF = YES;
				CLANG_WARN_OBJC_LITERAL_CONVERSION = YES;
				CLANG_WARN_OBJC_ROOT_CLASS = YES_ERROR;
				CLANG_WARN_QUOTED_INCLUDE_IN_FRAMEWORK_HEADER = YES;
				CLANG_WARN_RANGE_LOOP_ANALYSIS = YES;
				CLANG_WARN_STRICT_PROTOTYPES = YES;
				CLANG_WARN_SUSPICIOUS_MOVE = YES;
				CLANG_WARN_UNGUARDED_AVAILABILITY = YES_AGGRESSIVE;
				CLANG_WARN_UNREACHABLE_CODE = YES;
				CLANG_WARN__DUPLICATE_METHOD_MATCH = YES;
				COPY_PHASE_STRIP = NO;
				DEBUG_INFORMATION_FORMAT = dwarf;
				ENABLE_STRICT_OBJC_MSGSEND = YES;
				ENABLE_TESTABILITY = YES;
				GCC_C_LANGUAGE_STANDARD = gnu11;
				GCC_DYNAMIC_NO_PIC = NO;
				GCC_NO_COMMON_BLOCKS = YES;
				GCC_OPTIMIZATION_LEVEL = 0;
				GCC_PREPROCESSOR_DEFINITIONS = (
					"DEBUG=1",
					"$(inherited)",
				);
				GCC_WARN_64_TO_32_BIT_CONVERSION = YES;
				GCC_WARN_ABOUT_RETURN_TYPE = YES_ERROR;
				GCC_WARN_UNDECLARED_SELECTOR = YES;
				GCC_WARN_UNINITIALIZED_AUTOS = YES_AGGRESSIVE;
				GCC_WARN_UNUSED_FUNCTION = YES;
				GCC_WARN_UNUSED_VARIABLE = YES;
				IPHONEOS_DEPLOYMENT_TARGET = 16.4;
				MTL_ENABLE_DEBUG_INFO = INCLUDE_SOURCE;
				MTL_FAST_MATH = YES;
				ONLY_ACTIVE_ARCH = YES;
				SDKROOT = iphoneos;
				SWIFT_ACTIVE_COMPILATION_CONDITIONS = DEBUG;
				SWIFT_OPTIMIZATION_LEVEL = "-Onone";
			};
			name = Debug;
		};
		AC5B8AF82A1DF2F60042C5B4 /* Release */ = {
			isa = XCBuildConfiguration;
			buildSettings = {
				ALWAYS_SEARCH_USER_PATHS = NO;
				CLANG_ANALYZER_NONNULL = YES;
				CLANG_ANALYZER_NUMBER_OBJECT_CONVERSION = YES_AGGRESSIVE;
				CLANG_CXX_LANGUAGE_STANDARD = "gnu++20";
				CLANG_ENABLE_MODULES = YES;
				CLANG_ENABLE_OBJC_ARC = YES;
				CLANG_ENABLE_OBJC_WEAK = YES;
				CLANG_WARN_BLOCK_CAPTURE_AUTORELEASING = YES;
				CLANG_WARN_BOOL_CONVERSION = YES;
				CLANG_WARN_COMMA = YES;
				CLANG_WARN_CONSTANT_CONVERSION = YES;
				CLANG_WARN_DEPRECATED_OBJC_IMPLEMENTATIONS = YES;
				CLANG_WARN_DIRECT_OBJC_ISA_USAGE = YES_ERROR;
				CLANG_WARN_DOCUMENTATION_COMMENTS = YES;
				CLANG_WARN_EMPTY_BODY = YES;
				CLANG_WARN_ENUM_CONVERSION = YES;
				CLANG_WARN_INFINITE_RECURSION = YES;
				CLANG_WARN_INT_CONVERSION = YES;
				CLANG_WARN_NON_LITERAL_NULL_CONVERSION = YES;
				CLANG_WARN_OBJC_IMPLICIT_RETAIN_SELF = YES;
				CLANG_WARN_OBJC_LITERAL_CONVERSION = YES;
				CLANG_WARN_OBJC_ROOT_CLASS = YES_ERROR;
				CLANG_WARN_QUOTED_INCLUDE_IN_FRAMEWORK_HEADER = YES;
				CLANG_WARN_RANGE_LOOP_ANALYSIS = YES;
				CLANG_WARN_STRICT_PROTOTYPES = YES;
				CLANG_WARN_SUSPICIOUS_MOVE = YES;
				CLANG_WARN_UNGUARDED_AVAILABILITY = YES_AGGRESSIVE;
				CLANG_WARN_UNREACHABLE_CODE = YES;
				CLANG_WARN__DUPLICATE_METHOD_MATCH = YES;
				COPY_PHASE_STRIP = NO;
				DEBUG_INFORMATION_FORMAT = "dwarf-with-dsym";
				ENABLE_NS_ASSERTIONS = NO;
				ENABLE_STRICT_OBJC_MSGSEND = YES;
				GCC_C_LANGUAGE_STANDARD = gnu11;
				GCC_NO_COMMON_BLOCKS = YES;
				GCC_WARN_64_TO_32_BIT_CONVERSION = YES;
				GCC_WARN_ABOUT_RETURN_TYPE = YES_ERROR;
				GCC_WARN_UNDECLARED_SELECTOR = YES;
				GCC_WARN_UNINITIALIZED_AUTOS = YES_AGGRESSIVE;
				GCC_WARN_UNUSED_FUNCTION = YES;
				GCC_WARN_UNUSED_VARIABLE = YES;
				IPHONEOS_DEPLOYMENT_TARGET = 16.4;
				MTL_ENABLE_DEBUG_INFO = NO;
				MTL_FAST_MATH = YES;
				SDKROOT = iphoneos;
				SWIFT_COMPILATION_MODE = wholemodule;
				SWIFT_OPTIMIZATION_LEVEL = "-O";
				VALIDATE_PRODUCT = YES;
			};
			name = Release;
		};
		AC5B8AFA2A1DF2F60042C5B4 /* Debug */ = {
			isa = XCBuildConfiguration;
			buildSettings = {
				ASSETCATALOG_COMPILER_APPICON_NAME = AppIcon;
				ASSETCATALOG_COMPILER_GLOBAL_ACCENT_COLOR_NAME = AccentColor;
				CODE_SIGN_STYLE = Automatic;
				CURRENT_PROJECT_VERSION = 1;
				GENERATE_INFOPLIST_FILE = YES;
				INFOPLIST_FILE = RevisionExercise/Info.plist;
				INFOPLIST_KEY_UIApplicationSupportsIndirectInputEvents = YES;
				INFOPLIST_KEY_UILaunchStoryboardName = LaunchScreen;
				INFOPLIST_KEY_UIMainStoryboardFile = Main;
				INFOPLIST_KEY_UISupportedInterfaceOrientations_iPad = "UIInterfaceOrientationPortrait UIInterfaceOrientationPortraitUpsideDown UIInterfaceOrientationLandscapeLeft UIInterfaceOrientationLandscapeRight";
				INFOPLIST_KEY_UISupportedInterfaceOrientations_iPhone = "UIInterfaceOrientationPortrait UIInterfaceOrientationLandscapeLeft UIInterfaceOrientationLandscapeRight";
				LD_RUNPATH_SEARCH_PATHS = (
					"$(inherited)",
					"@executable_path/Frameworks",
				);
				MARKETING_VERSION = 1.0;
				PRODUCT_BUNDLE_IDENTIFIER = com.monique.RevisionExercise;
				PRODUCT_NAME = "$(TARGET_NAME)";
				SWIFT_EMIT_LOC_STRINGS = YES;
				SWIFT_VERSION = 5.0;
				TARGETED_DEVICE_FAMILY = "1,2";
			};
			name = Debug;
		};
		AC5B8AFB2A1DF2F60042C5B4 /* Release */ = {
			isa = XCBuildConfiguration;
			buildSettings = {
				ASSETCATALOG_COMPILER_APPICON_NAME = AppIcon;
				ASSETCATALOG_COMPILER_GLOBAL_ACCENT_COLOR_NAME = AccentColor;
				CODE_SIGN_STYLE = Automatic;
				CURRENT_PROJECT_VERSION = 1;
				GENERATE_INFOPLIST_FILE = YES;
				INFOPLIST_FILE = RevisionExercise/Info.plist;
				INFOPLIST_KEY_UIApplicationSupportsIndirectInputEvents = YES;
				INFOPLIST_KEY_UILaunchStoryboardName = LaunchScreen;
				INFOPLIST_KEY_UIMainStoryboardFile = Main;
				INFOPLIST_KEY_UISupportedInterfaceOrientations_iPad = "UIInterfaceOrientationPortrait UIInterfaceOrientationPortraitUpsideDown UIInterfaceOrientationLandscapeLeft UIInterfaceOrientationLandscapeRight";
				INFOPLIST_KEY_UISupportedInterfaceOrientations_iPhone = "UIInterfaceOrientationPortrait UIInterfaceOrientationLandscapeLeft UIInterfaceOrientationLandscapeRight";
				LD_RUNPATH_SEARCH_PATHS = (
					"$(inherited)",
					"@executable_path/Frameworks",
				);
				MARKETING_VERSION = 1.0;
				PRODUCT_BUNDLE_IDENTIFIER = com.monique.RevisionExercise;
				PRODUCT_NAME = "$(TARGET_NAME)";
				SWIFT_EMIT_LOC_STRINGS = YES;
				SWIFT_VERSION = 5.0;
				TARGETED_DEVICE_FAMILY = "1,2";
			};
			name = Release;
		};
/* End XCBuildConfiguration section */

/* Begin XCConfigurationList section */
		AC5B8AE02A1DF2F50042C5B4 /* Build configuration list for PBXProject "RevisionExercise" */ = {
			isa = XCConfigurationList;
			buildConfigurations = (
				AC5B8AF72A1DF2F60042C5B4 /* Debug */,
				AC5B8AF82A1DF2F60042C5B4 /* Release */,
			);
			defaultConfigurationIsVisible = 0;
			defaultConfigurationName = Release;
		};
		AC5B8AF92A1DF2F60042C5B4 /* Build configuration list for PBXNativeTarget "RevisionExercise" */ = {
			isa = XCConfigurationList;
			buildConfigurations = (
				AC5B8AFA2A1DF2F60042C5B4 /* Debug */,
				AC5B8AFB2A1DF2F60042C5B4 /* Release */,
			);
			defaultConfigurationIsVisible = 0;
			defaultConfigurationName = Release;
		};
/* End XCConfigurationList section */
	};
	rootObject = AC5B8ADD2A1DF2F50042C5B4 /* Project object */;
}
