// !$*UTF8*$!
{
	archiveVersion = 1;
	classes = {
	};
	objectVersion = 56;
	objects = {

/* Begin PBXBuildFile section */
		AC837F5E2A1DFF4E009A788F /* AppDelegate.swift in Sources */ = {isa = PBXBuildFile; fileRef = AC837F5D2A1DFF4E009A788F /* AppDelegate.swift */; };
		AC837F602A1DFF4E009A788F /* SceneDelegate.swift in Sources */ = {isa = PBXBuildFile; fileRef = AC837F5F2A1DFF4E009A788F /* SceneDelegate.swift */; };
		AC837F622A1DFF4E009A788F /* ViewController.swift in Sources */ = {isa = PBXBuildFile; fileRef = AC837F612A1DFF4E009A788F /* ViewController.swift */; };
		AC837F652A1DFF4E009A788F /* Main.storyboard in Resources */ = {isa = PBXBuildFile; fileRef = AC837F632A1DFF4E009A788F /* Main.storyboard */; };
		AC837F672A1DFF4F009A788F /* Assets.xcassets in Resources */ = {isa = PBXBuildFile; fileRef = AC837F662A1DFF4F009A788F /* Assets.xcassets */; };
		AC837F6A2A1DFF4F009A788F /* LaunchScreen.storyboard in Resources */ = {isa = PBXBuildFile; fileRef = AC837F682A1DFF4F009A788F /* LaunchScreen.storyboard */; };
		AC837F722A1E079D009A788F /* ToDoViewController.swift in Sources */ = {isa = PBXBuildFile; fileRef = AC837F712A1E079D009A788F /* ToDoViewController.swift */; };
		AC837F742A1E07CE009A788F /* ToDoTableViewCell.swift in Sources */ = {isa = PBXBuildFile; fileRef = AC837F732A1E07CE009A788F /* ToDoTableViewCell.swift */; };
		ACDB0CFE2A1E1FF90065AB3F /* Model.swift in Sources */ = {isa = PBXBuildFile; fileRef = ACDB0CFD2A1E1FF90065AB3F /* Model.swift */; };
		ACDB0D002A1E484F0065AB3F /* DetailsViewController.swift in Sources */ = {isa = PBXBuildFile; fileRef = ACDB0CFF2A1E484F0065AB3F /* DetailsViewController.swift */; };
		ACE3C8B62A20AEE700C18409 /* CreateViewController.swift in Sources */ = {isa = PBXBuildFile; fileRef = ACE3C8B52A20AEE700C18409 /* CreateViewController.swift */; };
/* End PBXBuildFile section */

/* Begin PBXFileReference section */
		AC837F5A2A1DFF4E009A788F /* Models.app */ = {isa = PBXFileReference; explicitFileType = wrapper.application; includeInIndex = 0; path = Models.app; sourceTree = BUILT_PRODUCTS_DIR; };
		AC837F5D2A1DFF4E009A788F /* AppDelegate.swift */ = {isa = PBXFileReference; lastKnownFileType = sourcecode.swift; path = AppDelegate.swift; sourceTree = "<group>"; };
		AC837F5F2A1DFF4E009A788F /* SceneDelegate.swift */ = {isa = PBXFileReference; lastKnownFileType = sourcecode.swift; path = SceneDelegate.swift; sourceTree = "<group>"; };
		AC837F612A1DFF4E009A788F /* ViewController.swift */ = {isa = PBXFileReference; lastKnownFileType = sourcecode.swift; path = ViewController.swift; sourceTree = "<group>"; };
		AC837F642A1DFF4E009A788F /* Base */ = {isa = PBXFileReference; lastKnownFileType = file.storyboard; name = Base; path = Base.lproj/Main.storyboard; sourceTree = "<group>"; };
		AC837F662A1DFF4F009A788F /* Assets.xcassets */ = {isa = PBXFileReference; lastKnownFileType = folder.assetcatalog; path = Assets.xcassets; sourceTree = "<group>"; };
		AC837F692A1DFF4F009A788F /* Base */ = {isa = PBXFileReference; lastKnownFileType = file.storyboard; name = Base; path = Base.lproj/LaunchScreen.storyboard; sourceTree = "<group>"; };
		AC837F6B2A1DFF4F009A788F /* Info.plist */ = {isa = PBXFileReference; lastKnownFileType = text.plist.xml; path = Info.plist; sourceTree = "<group>"; };
		AC837F712A1E079D009A788F /* ToDoViewController.swift */ = {isa = PBXFileReference; lastKnownFileType = sourcecode.swift; path = ToDoViewController.swift; sourceTree = "<group>"; };
		AC837F732A1E07CE009A788F /* ToDoTableViewCell.swift */ = {isa = PBXFileReference; lastKnownFileType = sourcecode.swift; path = ToDoTableViewCell.swift; sourceTree = "<group>"; };
		ACDB0CFD2A1E1FF90065AB3F /* Model.swift */ = {isa = PBXFileReference; lastKnownFileType = sourcecode.swift; path = Model.swift; sourceTree = "<group>"; };
		ACDB0CFF2A1E484F0065AB3F /* DetailsViewController.swift */ = {isa = PBXFileReference; lastKnownFileType = sourcecode.swift; path = DetailsViewController.swift; sourceTree = "<group>"; };
		ACE3C8B52A20AEE700C18409 /* CreateViewController.swift */ = {isa = PBXFileReference; lastKnownFileType = sourcecode.swift; path = CreateViewController.swift; sourceTree = "<group>"; };
/* End PBXFileReference section */

/* Begin PBXFrameworksBuildPhase section */
		AC837F572A1DFF4E009A788F /* Frameworks */ = {
			isa = PBXFrameworksBuildPhase;
			buildActionMask = 2147483647;
			files = (
			);
			runOnlyForDeploymentPostprocessing = 0;
		};
/* End PBXFrameworksBuildPhase section */

/* Begin PBXGroup section */
		AC837F512A1DFF4E009A788F = {
			isa = PBXGroup;
			children = (
				AC837F5C2A1DFF4E009A788F /* Models */,
				AC837F5B2A1DFF4E009A788F /* Products */,
			);
			sourceTree = "<group>";
		};
		AC837F5B2A1DFF4E009A788F /* Products */ = {
			isa = PBXGroup;
			children = (
				AC837F5A2A1DFF4E009A788F /* Models.app */,
			);
			name = Products;
			sourceTree = "<group>";
		};
		AC837F5C2A1DFF4E009A788F /* Models */ = {
			isa = PBXGroup;
			children = (
				AC837F5D2A1DFF4E009A788F /* AppDelegate.swift */,
				AC837F712A1E079D009A788F /* ToDoViewController.swift */,
				ACE3C8B52A20AEE700C18409 /* CreateViewController.swift */,
				AC837F5F2A1DFF4E009A788F /* SceneDelegate.swift */,
				ACDB0CFF2A1E484F0065AB3F /* DetailsViewController.swift */,
				AC837F732A1E07CE009A788F /* ToDoTableViewCell.swift */,
				AC837F612A1DFF4E009A788F /* ViewController.swift */,
				ACDB0CFD2A1E1FF90065AB3F /* Model.swift */,
				AC837F632A1DFF4E009A788F /* Main.storyboard */,
				AC837F662A1DFF4F009A788F /* Assets.xcassets */,
				AC837F682A1DFF4F009A788F /* LaunchScreen.storyboard */,
				AC837F6B2A1DFF4F009A788F /* Info.plist */,
			);
			path = Models;
			sourceTree = "<group>";
		};
/* End PBXGroup section */

/* Begin PBXNativeTarget section */
		AC837F592A1DFF4E009A788F /* Models */ = {
			isa = PBXNativeTarget;
			buildConfigurationList = AC837F6E2A1DFF4F009A788F /* Build configuration list for PBXNativeTarget "Models" */;
			buildPhases = (
				AC837F562A1DFF4E009A788F /* Sources */,
				AC837F572A1DFF4E009A788F /* Frameworks */,
				AC837F582A1DFF4E009A788F /* Resources */,
			);
			buildRules = (
			);
			dependencies = (
			);
			name = Models;
			productName = Models;
			productReference = AC837F5A2A1DFF4E009A788F /* Models.app */;
			productType = "com.apple.product-type.application";
		};
/* End PBXNativeTarget section */

/* Begin PBXProject section */
		AC837F522A1DFF4E009A788F /* Project object */ = {
			isa = PBXProject;
			attributes = {
				BuildIndependentTargetsInParallel = 1;
				LastSwiftUpdateCheck = 1430;
				LastUpgradeCheck = 1430;
				TargetAttributes = {
					AC837F592A1DFF4E009A788F = {
						CreatedOnToolsVersion = 14.3;
					};
				};
			};
			buildConfigurationList = AC837F552A1DFF4E009A788F /* Build configuration list for PBXProject "Models" */;
			compatibilityVersion = "Xcode 14.0";
			developmentRegion = en;
			hasScannedForEncodings = 0;
			knownRegions = (
				en,
				Base,
			);
			mainGroup = AC837F512A1DFF4E009A788F;
			productRefGroup = AC837F5B2A1DFF4E009A788F /* Products */;
			projectDirPath = "";
			projectRoot = "";
			targets = (
				AC837F592A1DFF4E009A788F /* Models */,
			);
		};
/* End PBXProject section */

/* Begin PBXResourcesBuildPhase section */
		AC837F582A1DFF4E009A788F /* Resources */ = {
			isa = PBXResourcesBuildPhase;
			buildActionMask = 2147483647;
			files = (
				AC837F6A2A1DFF4F009A788F /* LaunchScreen.storyboard in Resources */,
				AC837F672A1DFF4F009A788F /* Assets.xcassets in Resources */,
				AC837F652A1DFF4E009A788F /* Main.storyboard in Resources */,
			);
			runOnlyForDeploymentPostprocessing = 0;
		};
/* End PBXResourcesBuildPhase section */

/* Begin PBXSourcesBuildPhase section */
		AC837F562A1DFF4E009A788F /* Sources */ = {
			isa = PBXSourcesBuildPhase;
			buildActionMask = 2147483647;
			files = (
				ACE3C8B62A20AEE700C18409 /* CreateViewController.swift in Sources */,
				AC837F722A1E079D009A788F /* ToDoViewController.swift in Sources */,
				AC837F622A1DFF4E009A788F /* ViewController.swift in Sources */,
				AC837F5E2A1DFF4E009A788F /* AppDelegate.swift in Sources */,
				ACDB0CFE2A1E1FF90065AB3F /* Model.swift in Sources */,
				ACDB0D002A1E484F0065AB3F /* DetailsViewController.swift in Sources */,
				AC837F602A1DFF4E009A788F /* SceneDelegate.swift in Sources */,
				AC837F742A1E07CE009A788F /* ToDoTableViewCell.swift in Sources */,
			);
			runOnlyForDeploymentPostprocessing = 0;
		};
/* End PBXSourcesBuildPhase section */

/* Begin PBXVariantGroup section */
		AC837F632A1DFF4E009A788F /* Main.storyboard */ = {
			isa = PBXVariantGroup;
			children = (
				AC837F642A1DFF4E009A788F /* Base */,
			);
			name = Main.storyboard;
			sourceTree = "<group>";
		};
		AC837F682A1DFF4F009A788F /* LaunchScreen.storyboard */ = {
			isa = PBXVariantGroup;
			children = (
				AC837F692A1DFF4F009A788F /* Base */,
			);
			name = LaunchScreen.storyboard;
			sourceTree = "<group>";
		};
/* End PBXVariantGroup section */

/* Begin XCBuildConfiguration section */
		AC837F6C2A1DFF4F009A788F /* Debug */ = {
			isa = XCBuildConfiguration;
			buildSettings = {
				ALWAYS_SEARCH_USER_PATHS = NO;
				CLANG_ANALYZER_NONNULL = YES;
				CLANG_ANALYZER_NUMBER_OBJECT_CONVERSION = YES_AGGRESSIVE;
				CLANG_CXX_LANGUAGE_STANDARD = "gnu++20";
				CLANG_ENABLE_MODULES = YES;
				CLANG_ENABLE_OBJC_ARC = YES;
				CLANG_ENABLE_OBJC_WEAK = YES;
				CLANG_WARN_BLOCK_CAPTURE_AUTORELEASING = YES;
				CLANG_WARN_BOOL_CONVERSION = YES;
				CLANG_WARN_COMMA = YES;
				CLANG_WARN_CONSTANT_CONVERSION = YES;
				CLANG_WARN_DEPRECATED_OBJC_IMPLEMENTATIONS = YES;
				CLANG_WARN_DIRECT_OBJC_ISA_USAGE = YES_ERROR;
				CLANG_WARN_DOCUMENTATION_COMMENTS = YES;
				CLANG_WARN_EMPTY_BODY = YES;
				CLANG_WARN_ENUM_CONVERSION = YES;
				CLANG_WARN_INFINITE_RECURSION = YES;
				CLANG_WARN_INT_CONVERSION = YES;
				CLANG_WARN_NON_LITERAL_NULL_CONVERSION = YES;
				CLANG_WARN_OBJC_IMPLICIT_RETAIN_SELF = YES;
				CLANG_WARN_OBJC_LITERAL_CONVERSION = YES;
				CLANG_WARN_OBJC_ROOT_CLASS = YES_ERROR;
				CLANG_WARN_QUOTED_INCLUDE_IN_FRAMEWORK_HEADER = YES;
				CLANG_WARN_RANGE_LOOP_ANALYSIS = YES;
				CLANG_WARN_STRICT_PROTOTYPES = YES;
				CLANG_WARN_SUSPICIOUS_MOVE = YES;
				CLANG_WARN_UNGUARDED_AVAILABILITY = YES_AGGRESSIVE;
				CLANG_WARN_UNREACHABLE_CODE = YES;
				CLANG_WARN__DUPLICATE_METHOD_MATCH = YES;
				COPY_PHASE_STRIP = NO;
				DEBUG_INFORMATION_FORMAT = dwarf;
				ENABLE_STRICT_OBJC_MSGSEND = YES;
				ENABLE_TESTABILITY = YES;
				GCC_C_LANGUAGE_STANDARD = gnu11;
				GCC_DYNAMIC_NO_PIC = NO;
				GCC_NO_COMMON_BLOCKS = YES;
				GCC_OPTIMIZATION_LEVEL = 0;
				GCC_PREPROCESSOR_DEFINITIONS = (
					"DEBUG=1",
					"$(inherited)",
				);
				GCC_WARN_64_TO_32_BIT_CONVERSION = YES;
				GCC_WARN_ABOUT_RETURN_TYPE = YES_ERROR;
				GCC_WARN_UNDECLARED_SELECTOR = YES;
				GCC_WARN_UNINITIALIZED_AUTOS = YES_AGGRESSIVE;
				GCC_WARN_UNUSED_FUNCTION = YES;
				GCC_WARN_UNUSED_VARIABLE = YES;
				IPHONEOS_DEPLOYMENT_TARGET = 16.4;
				MTL_ENABLE_DEBUG_INFO = INCLUDE_SOURCE;
				MTL_FAST_MATH = YES;
				ONLY_ACTIVE_ARCH = YES;
				SDKROOT = iphoneos;
				SWIFT_ACTIVE_COMPILATION_CONDITIONS = DEBUG;
				SWIFT_OPTIMIZATION_LEVEL = "-Onone";
			};
			name = Debug;
		};
		AC837F6D2A1DFF4F009A788F /* Release */ = {
			isa = XCBuildConfiguration;
			buildSettings = {
				ALWAYS_SEARCH_USER_PATHS = NO;
				CLANG_ANALYZER_NONNULL = YES;
				CLANG_ANALYZER_NUMBER_OBJECT_CONVERSION = YES_AGGRESSIVE;
				CLANG_CXX_LANGUAGE_STANDARD = "gnu++20";
				CLANG_ENABLE_MODULES = YES;
				CLANG_ENABLE_OBJC_ARC = YES;
				CLANG_ENABLE_OBJC_WEAK = YES;
				CLANG_WARN_BLOCK_CAPTURE_AUTORELEASING = YES;
				CLANG_WARN_BOOL_CONVERSION = YES;
				CLANG_WARN_COMMA = YES;
				CLANG_WARN_CONSTANT_CONVERSION = YES;
				CLANG_WARN_DEPRECATED_OBJC_IMPLEMENTATIONS = YES;
				CLANG_WARN_DIRECT_OBJC_ISA_USAGE = YES_ERROR;
				CLANG_WARN_DOCUMENTATION_COMMENTS = YES;
				CLANG_WARN_EMPTY_BODY = YES;
				CLANG_WARN_ENUM_CONVERSION = YES;
				CLANG_WARN_INFINITE_RECURSION = YES;
				CLANG_WARN_INT_CONVERSION = YES;
				CLANG_WARN_NON_LITERAL_NULL_CONVERSION = YES;
				CLANG_WARN_OBJC_IMPLICIT_RETAIN_SELF = YES;
				CLANG_WARN_OBJC_LITERAL_CONVERSION = YES;
				CLANG_WARN_OBJC_ROOT_CLASS = YES_ERROR;
				CLANG_WARN_QUOTED_INCLUDE_IN_FRAMEWORK_HEADER = YES;
				CLANG_WARN_RANGE_LOOP_ANALYSIS = YES;
				CLANG_WARN_STRICT_PROTOTYPES = YES;
				CLANG_WARN_SUSPICIOUS_MOVE = YES;
				CLANG_WARN_UNGUARDED_AVAILABILITY = YES_AGGRESSIVE;
				CLANG_WARN_UNREACHABLE_CODE = YES;
				CLANG_WARN__DUPLICATE_METHOD_MATCH = YES;
				COPY_PHASE_STRIP = NO;
				DEBUG_INFORMATION_FORMAT = "dwarf-with-dsym";
				ENABLE_NS_ASSERTIONS = NO;
				ENABLE_STRICT_OBJC_MSGSEND = YES;
				GCC_C_LANGUAGE_STANDARD = gnu11;
				GCC_NO_COMMON_BLOCKS = YES;
				GCC_WARN_64_TO_32_BIT_CONVERSION = YES;
				GCC_WARN_ABOUT_RETURN_TYPE = YES_ERROR;
				GCC_WARN_UNDECLARED_SELECTOR = YES;
				GCC_WARN_UNINITIALIZED_AUTOS = YES_AGGRESSIVE;
				GCC_WARN_UNUSED_FUNCTION = YES;
				GCC_WARN_UNUSED_VARIABLE = YES;
				IPHONEOS_DEPLOYMENT_TARGET = 16.4;
				MTL_ENABLE_DEBUG_INFO = NO;
				MTL_FAST_MATH = YES;
				SDKROOT = iphoneos;
				SWIFT_COMPILATION_MODE = wholemodule;
				SWIFT_OPTIMIZATION_LEVEL = "-O";
				VALIDATE_PRODUCT = YES;
			};
			name = Release;
		};
		AC837F6F2A1DFF4F009A788F /* Debug */ = {
			isa = XCBuildConfiguration;
			buildSettings = {
				ASSETCATALOG_COMPILER_APPICON_NAME = AppIcon;
				ASSETCATALOG_COMPILER_GLOBAL_ACCENT_COLOR_NAME = AccentColor;
				CODE_SIGN_STYLE = Automatic;
				CURRENT_PROJECT_VERSION = 1;
				GENERATE_INFOPLIST_FILE = YES;
				INFOPLIST_FILE = Models/Info.plist;
				INFOPLIST_KEY_UIApplicationSupportsIndirectInputEvents = YES;
				INFOPLIST_KEY_UILaunchStoryboardName = LaunchScreen;
				INFOPLIST_KEY_UIMainStoryboardFile = Main;
				INFOPLIST_KEY_UISupportedInterfaceOrientations_iPad = "UIInterfaceOrientationPortrait UIInterfaceOrientationPortraitUpsideDown UIInterfaceOrientationLandscapeLeft UIInterfaceOrientationLandscapeRight";
				INFOPLIST_KEY_UISupportedInterfaceOrientations_iPhone = "UIInterfaceOrientationPortrait UIInterfaceOrientationLandscapeLeft UIInterfaceOrientationLandscapeRight";
				LD_RUNPATH_SEARCH_PATHS = (
					"$(inherited)",
					"@executable_path/Frameworks",
				);
				MARKETING_VERSION = 1.0;
				PRODUCT_BUNDLE_IDENTIFIER = com.monique.Models;
				PRODUCT_NAME = "$(TARGET_NAME)";
				SWIFT_EMIT_LOC_STRINGS = YES;
				SWIFT_VERSION = 5.0;
				TARGETED_DEVICE_FAMILY = "1,2";
			};
			name = Debug;
		};
		AC837F702A1DFF4F009A788F /* Release */ = {
			isa = XCBuildConfiguration;
			buildSettings = {
				ASSETCATALOG_COMPILER_APPICON_NAME = AppIcon;
				ASSETCATALOG_COMPILER_GLOBAL_ACCENT_COLOR_NAME = AccentColor;
				CODE_SIGN_STYLE = Automatic;
				CURRENT_PROJECT_VERSION = 1;
				GENERATE_INFOPLIST_FILE = YES;
				INFOPLIST_FILE = Models/Info.plist;
				INFOPLIST_KEY_UIApplicationSupportsIndirectInputEvents = YES;
				INFOPLIST_KEY_UILaunchStoryboardName = LaunchScreen;
				INFOPLIST_KEY_UIMainStoryboardFile = Main;
				INFOPLIST_KEY_UISupportedInterfaceOrientations_iPad = "UIInterfaceOrientationPortrait UIInterfaceOrientationPortraitUpsideDown UIInterfaceOrientationLandscapeLeft UIInterfaceOrientationLandscapeRight";
				INFOPLIST_KEY_UISupportedInterfaceOrientations_iPhone = "UIInterfaceOrientationPortrait UIInterfaceOrientationLandscapeLeft UIInterfaceOrientationLandscapeRight";
				LD_RUNPATH_SEARCH_PATHS = (
					"$(inherited)",
					"@executable_path/Frameworks",
				);
				MARKETING_VERSION = 1.0;
				PRODUCT_BUNDLE_IDENTIFIER = com.monique.Models;
				PRODUCT_NAME = "$(TARGET_NAME)";
				SWIFT_EMIT_LOC_STRINGS = YES;
				SWIFT_VERSION = 5.0;
				TARGETED_DEVICE_FAMILY = "1,2";
			};
			name = Release;
		};
/* End XCBuildConfiguration section */

/* Begin XCConfigurationList section */
		AC837F552A1DFF4E009A788F /* Build configuration list for PBXProject "Models" */ = {
			isa = XCConfigurationList;
			buildConfigurations = (
				AC837F6C2A1DFF4F009A788F /* Debug */,
				AC837F6D2A1DFF4F009A788F /* Release */,
			);
			defaultConfigurationIsVisible = 0;
			defaultConfigurationName = Release;
		};
		AC837F6E2A1DFF4F009A788F /* Build configuration list for PBXNativeTarget "Models" */ = {
			isa = XCConfigurationList;
			buildConfigurations = (
				AC837F6F2A1DFF4F009A788F /* Debug */,
				AC837F702A1DFF4F009A788F /* Release */,
			);
			defaultConfigurationIsVisible = 0;
			defaultConfigurationName = Release;
		};
/* End XCConfigurationList section */
	};
	rootObject = AC837F522A1DFF4E009A788F /* Project object */;
}
